
Microsoft Visual Studio Solution File, Format Version 12.00
# Visual Studio Version 17
VisualStudioVersion = 17.11.35327.3
MinimumVisualStudioVersion = 10.0.40219.1
Project("{FAE04EC0-301F-11D3-BF4B-00C04F79EFBC}") = "Login With If Else", "Login With If Else\Login With If Else.csproj", "{E050510E-C492-4218-80A8-264EFB8D5154}"
EndProject
Global
	GlobalSection(SolutionConfigurationPlatforms) = preSolution
		Debug|Any CPU = Debug|Any CPU
		Release|Any CPU = Release|Any CPU
	EndGlobalSection
	GlobalSection(ProjectConfigurationPlatforms) = postSolution
		{E050510E-C492-4218-80A8-264EFB8D5154}.Debug|Any CPU.ActiveCfg = Debug|Any CPU
		{E050510E-C492-4218-80A8-264EFB8D5154}.Debug|Any CPU.Build.0 = Debug|Any CPU
		{E050510E-C492-4218-80A8-264EFB8D5154}.Release|Any CPU.ActiveCfg = Release|Any CPU
		{E050510E-C492-4218-80A8-264EFB8D5154}.Release|Any CPU.Build.0 = Release|Any CPU
	EndGlobalSection
	GlobalSection(SolutionProperties) = preSolution
		HideSolutionNode = FALSE
	EndGlobalSection
	GlobalSection(ExtensibilityGlobals) = postSolution
		SolutionGuid = {5F6178FD-C927-4158-820A-FD3FFF4EBBBC}
	EndGlobalSection
EndGlobal
